// !$*UTF8*$!
{
	archiveVersion = 1;
	classes = {
	};
	objectVersion = 56;
	objects = {

/* Begin PBXBuildFile section */
		5208D0612CB2CB84008DEE48 /* LocationListView.swift in Sources */ = {isa = PBXBuildFile; fileRef = 5208D0602CB2CB84008DEE48 /* LocationListView.swift */; };
		5228E5512CAB172C0042C95B /* Assets.xcassets in Resources */ = {isa = PBXBuildFile; fileRef = 5228E5502CAB172C0042C95B /* Assets.xcassets */; };
		7D5D6A3A2CAAA53F00F79102 /* SwiftMapAppApp.swift in Sources */ = {isa = PBXBuildFile; fileRef = 7D5D6A392CAAA53F00F79102 /* SwiftMapAppApp.swift */; };
		7D5D6A3C2CAAA53F00F79102 /* ContentView.swift in Sources */ = {isa = PBXBuildFile; fileRef = 7D5D6A3B2CAAA53F00F79102 /* ContentView.swift */; };
		7D5D6A412CAAA54000F79102 /* Preview Assets.xcassets in Resources */ = {isa = PBXBuildFile; fileRef = 7D5D6A402CAAA54000F79102 /* Preview Assets.xcassets */; };
		7D5D6A4B2CAAA54000F79102 /* SwiftMapAppTests.swift in Sources */ = {isa = PBXBuildFile; fileRef = 7D5D6A4A2CAAA54000F79102 /* SwiftMapAppTests.swift */; };
		7D5D6A552CAAA54000F79102 /* SwiftMapAppUITests.swift in Sources */ = {isa = PBXBuildFile; fileRef = 7D5D6A542CAAA54000F79102 /* SwiftMapAppUITests.swift */; };
		7D5D6A572CAAA54000F79102 /* SwiftMapAppUITestsLaunchTests.swift in Sources */ = {isa = PBXBuildFile; fileRef = 7D5D6A562CAAA54000F79102 /* SwiftMapAppUITestsLaunchTests.swift */; };
		7D5D6A6B2CAAA91400F79102 /* Location.swift in Sources */ = {isa = PBXBuildFile; fileRef = 7D5D6A6A2CAAA91400F79102 /* Location.swift */; };
		7D5D6A6E2CAAAA6C00F79102 /* LocationsDataService.swift in Sources */ = {isa = PBXBuildFile; fileRef = 7D5D6A6D2CAAAA6C00F79102 /* LocationsDataService.swift */; };
		7D5D6A702CAAACDD00F79102 /* LocationsView.swift in Sources */ = {isa = PBXBuildFile; fileRef = 7D5D6A6F2CAAACDD00F79102 /* LocationsView.swift */; };
		7D5D6A722CAAB6BE00F79102 /* LocationViewModel.swift in Sources */ = {isa = PBXBuildFile; fileRef = 7D5D6A712CAAB6BE00F79102 /* LocationViewModel.swift */; };
/* End PBXBuildFile section */

/* Begin PBXContainerItemProxy section */
		7D5D6A472CAAA54000F79102 /* PBXContainerItemProxy */ = {
			isa = PBXContainerItemProxy;
			containerPortal = 7D5D6A2E2CAAA53F00F79102 /* Project object */;
			proxyType = 1;
			remoteGlobalIDString = 7D5D6A352CAAA53F00F79102;
			remoteInfo = SwiftMapApp;
		};
		7D5D6A512CAAA54000F79102 /* PBXContainerItemProxy */ = {
			isa = PBXContainerItemProxy;
			containerPortal = 7D5D6A2E2CAAA53F00F79102 /* Project object */;
			proxyType = 1;
			remoteGlobalIDString = 7D5D6A352CAAA53F00F79102;
			remoteInfo = SwiftMapApp;
		};
/* End PBXContainerItemProxy section */

/* Begin PBXFileReference section */
		5208D0602CB2CB84008DEE48 /* LocationListView.swift */ = {isa = PBXFileReference; lastKnownFileType = sourcecode.swift; path = LocationListView.swift; sourceTree = "<group>"; };
		5228E5502CAB172C0042C95B /* Assets.xcassets */ = {isa = PBXFileReference; lastKnownFileType = folder.assetcatalog; path = Assets.xcassets; sourceTree = "<group>"; };
		7D5D6A362CAAA53F00F79102 /* SwiftMapApp.app */ = {isa = PBXFileReference; explicitFileType = wrapper.application; includeInIndex = 0; path = SwiftMapApp.app; sourceTree = BUILT_PRODUCTS_DIR; };
		7D5D6A392CAAA53F00F79102 /* SwiftMapAppApp.swift */ = {isa = PBXFileReference; lastKnownFileType = sourcecode.swift; path = SwiftMapAppApp.swift; sourceTree = "<group>"; };
		7D5D6A3B2CAAA53F00F79102 /* ContentView.swift */ = {isa = PBXFileReference; lastKnownFileType = sourcecode.swift; path = ContentView.swift; sourceTree = "<group>"; };
		7D5D6A402CAAA54000F79102 /* Preview Assets.xcassets */ = {isa = PBXFileReference; lastKnownFileType = folder.assetcatalog; path = "Preview Assets.xcassets"; sourceTree = "<group>"; };
		7D5D6A462CAAA54000F79102 /* SwiftMapAppTests.xctest */ = {isa = PBXFileReference; explicitFileType = wrapper.cfbundle; includeInIndex = 0; path = SwiftMapAppTests.xctest; sourceTree = BUILT_PRODUCTS_DIR; };
		7D5D6A4A2CAAA54000F79102 /* SwiftMapAppTests.swift */ = {isa = PBXFileReference; lastKnownFileType = sourcecode.swift; path = SwiftMapAppTests.swift; sourceTree = "<group>"; };
		7D5D6A502CAAA54000F79102 /* SwiftMapAppUITests.xctest */ = {isa = PBXFileReference; explicitFileType = wrapper.cfbundle; includeInIndex = 0; path = SwiftMapAppUITests.xctest; sourceTree = BUILT_PRODUCTS_DIR; };
		7D5D6A542CAAA54000F79102 /* SwiftMapAppUITests.swift */ = {isa = PBXFileReference; lastKnownFileType = sourcecode.swift; path = SwiftMapAppUITests.swift; sourceTree = "<group>"; };
		7D5D6A562CAAA54000F79102 /* SwiftMapAppUITestsLaunchTests.swift */ = {isa = PBXFileReference; lastKnownFileType = sourcecode.swift; path = SwiftMapAppUITestsLaunchTests.swift; sourceTree = "<group>"; };
		7D5D6A6A2CAAA91400F79102 /* Location.swift */ = {isa = PBXFileReference; lastKnownFileType = sourcecode.swift; path = Location.swift; sourceTree = "<group>"; };
		7D5D6A6D2CAAAA6C00F79102 /* LocationsDataService.swift */ = {isa = PBXFileReference; fileEncoding = 4; lastKnownFileType = sourcecode.swift; path = LocationsDataService.swift; sourceTree = "<group>"; };
		7D5D6A6F2CAAACDD00F79102 /* LocationsView.swift */ = {isa = PBXFileReference; lastKnownFileType = sourcecode.swift; path = LocationsView.swift; sourceTree = "<group>"; };
		7D5D6A712CAAB6BE00F79102 /* LocationViewModel.swift */ = {isa = PBXFileReference; lastKnownFileType = sourcecode.swift; path = LocationViewModel.swift; sourceTree = "<group>"; };
/* End PBXFileReference section */

/* Begin PBXFrameworksBuildPhase section */
		7D5D6A332CAAA53F00F79102 /* Frameworks */ = {
			isa = PBXFrameworksBuildPhase;
			buildActionMask = 2147483647;
			files = (
			);
			runOnlyForDeploymentPostprocessing = 0;
		};
		7D5D6A432CAAA54000F79102 /* Frameworks */ = {
			isa = PBXFrameworksBuildPhase;
			buildActionMask = 2147483647;
			files = (
			);
			runOnlyForDeploymentPostprocessing = 0;
		};
		7D5D6A4D2CAAA54000F79102 /* Frameworks */ = {
			isa = PBXFrameworksBuildPhase;
			buildActionMask = 2147483647;
			files = (
			);
			runOnlyForDeploymentPostprocessing = 0;
		};
/* End PBXFrameworksBuildPhase section */

/* Begin PBXGroup section */
		7D5D6A2D2CAAA53F00F79102 = {
			isa = PBXGroup;
			children = (
				7D5D6A382CAAA53F00F79102 /* SwiftMapApp */,
				7D5D6A492CAAA54000F79102 /* SwiftMapAppTests */,
				7D5D6A532CAAA54000F79102 /* SwiftMapAppUITests */,
				7D5D6A372CAAA53F00F79102 /* Products */,
			);
			sourceTree = "<group>";
		};
		7D5D6A372CAAA53F00F79102 /* Products */ = {
			isa = PBXGroup;
			children = (
				7D5D6A362CAAA53F00F79102 /* SwiftMapApp.app */,
				7D5D6A462CAAA54000F79102 /* SwiftMapAppTests.xctest */,
				7D5D6A502CAAA54000F79102 /* SwiftMapAppUITests.xctest */,
			);
			name = Products;
			sourceTree = "<group>";
		};
		7D5D6A382CAAA53F00F79102 /* SwiftMapApp */ = {
			isa = PBXGroup;
			children = (
				7D5D6A392CAAA53F00F79102 /* SwiftMapAppApp.swift */,
				5228E5502CAB172C0042C95B /* Assets.xcassets */,
				7D5D6A3B2CAAA53F00F79102 /* ContentView.swift */,
				7D5D6A6C2CAAAA4300F79102 /* DataServices */,
				7D5D6A692CAAA85100F79102 /* ViewModel */,
				7D5D6A682CAAA84400F79102 /* Views */,
				7D5D6A652CAAA80B00F79102 /* Models */,
				7D5D6A3F2CAAA54000F79102 /* Preview Content */,
			);
			path = SwiftMapApp;
			sourceTree = "<group>";
		};
		7D5D6A3F2CAAA54000F79102 /* Preview Content */ = {
			isa = PBXGroup;
			children = (
				7D5D6A402CAAA54000F79102 /* Preview Assets.xcassets */,
			);
			path = "Preview Content";
			sourceTree = "<group>";
		};
		7D5D6A492CAAA54000F79102 /* SwiftMapAppTests */ = {
			isa = PBXGroup;
			children = (
				7D5D6A4A2CAAA54000F79102 /* SwiftMapAppTests.swift */,
			);
			path = SwiftMapAppTests;
			sourceTree = "<group>";
		};
		7D5D6A532CAAA54000F79102 /* SwiftMapAppUITests */ = {
			isa = PBXGroup;
			children = (
				7D5D6A542CAAA54000F79102 /* SwiftMapAppUITests.swift */,
				7D5D6A562CAAA54000F79102 /* SwiftMapAppUITestsLaunchTests.swift */,
			);
			path = SwiftMapAppUITests;
			sourceTree = "<group>";
		};
		7D5D6A652CAAA80B00F79102 /* Models */ = {
			isa = PBXGroup;
			children = (
				7D5D6A6A2CAAA91400F79102 /* Location.swift */,
			);
			path = Models;
			sourceTree = "<group>";
		};
		7D5D6A682CAAA84400F79102 /* Views */ = {
			isa = PBXGroup;
			children = (
				7D5D6A6F2CAAACDD00F79102 /* LocationsView.swift */,
				5208D0602CB2CB84008DEE48 /* LocationListView.swift */,
			);
			path = Views;
			sourceTree = "<group>";
		};
		7D5D6A692CAAA85100F79102 /* ViewModel */ = {
			isa = PBXGroup;
			children = (
				7D5D6A712CAAB6BE00F79102 /* LocationViewModel.swift */,
			);
			path = ViewModel;
			sourceTree = "<group>";
		};
		7D5D6A6C2CAAAA4300F79102 /* DataServices */ = {
			isa = PBXGroup;
			children = (
				7D5D6A6D2CAAAA6C00F79102 /* LocationsDataService.swift */,
			);
			path = DataServices;
			sourceTree = "<group>";
		};
/* End PBXGroup section */

/* Begin PBXNativeTarget section */
		7D5D6A352CAAA53F00F79102 /* SwiftMapApp */ = {
			isa = PBXNativeTarget;
			buildConfigurationList = 7D5D6A5A2CAAA54000F79102 /* Build configuration list for PBXNativeTarget "SwiftMapApp" */;
			buildPhases = (
				7D5D6A322CAAA53F00F79102 /* Sources */,
				7D5D6A332CAAA53F00F79102 /* Frameworks */,
				7D5D6A342CAAA53F00F79102 /* Resources */,
			);
			buildRules = (
			);
			dependencies = (
			);
			name = SwiftMapApp;
			productName = SwiftMapApp;
			productReference = 7D5D6A362CAAA53F00F79102 /* SwiftMapApp.app */;
			productType = "com.apple.product-type.application";
		};
		7D5D6A452CAAA54000F79102 /* SwiftMapAppTests */ = {
			isa = PBXNativeTarget;
			buildConfigurationList = 7D5D6A5D2CAAA54000F79102 /* Build configuration list for PBXNativeTarget "SwiftMapAppTests" */;
			buildPhases = (
				7D5D6A422CAAA54000F79102 /* Sources */,
				7D5D6A432CAAA54000F79102 /* Frameworks */,
				7D5D6A442CAAA54000F79102 /* Resources */,
			);
			buildRules = (
			);
			dependencies = (
				7D5D6A482CAAA54000F79102 /* PBXTargetDependency */,
			);
			name = SwiftMapAppTests;
			productName = SwiftMapAppTests;
			productReference = 7D5D6A462CAAA54000F79102 /* SwiftMapAppTests.xctest */;
			productType = "com.apple.product-type.bundle.unit-test";
		};
		7D5D6A4F2CAAA54000F79102 /* SwiftMapAppUITests */ = {
			isa = PBXNativeTarget;
			buildConfigurationList = 7D5D6A602CAAA54000F79102 /* Build configuration list for PBXNativeTarget "SwiftMapAppUITests" */;
			buildPhases = (
				7D5D6A4C2CAAA54000F79102 /* Sources */,
				7D5D6A4D2CAAA54000F79102 /* Frameworks */,
				7D5D6A4E2CAAA54000F79102 /* Resources */,
			);
			buildRules = (
			);
			dependencies = (
				7D5D6A522CAAA54000F79102 /* PBXTargetDependency */,
			);
			name = SwiftMapAppUITests;
			productName = SwiftMapAppUITests;
			productReference = 7D5D6A502CAAA54000F79102 /* SwiftMapAppUITests.xctest */;
			productType = "com.apple.product-type.bundle.ui-testing";
		};
/* End PBXNativeTarget section */

/* Begin PBXProject section */
		7D5D6A2E2CAAA53F00F79102 /* Project object */ = {
			isa = PBXProject;
			attributes = {
				BuildIndependentTargetsInParallel = 1;
				LastSwiftUpdateCheck = 1540;
				LastUpgradeCheck = 1540;
				TargetAttributes = {
					7D5D6A352CAAA53F00F79102 = {
						CreatedOnToolsVersion = 15.4;
					};
					7D5D6A452CAAA54000F79102 = {
						CreatedOnToolsVersion = 15.4;
						TestTargetID = 7D5D6A352CAAA53F00F79102;
					};
					7D5D6A4F2CAAA54000F79102 = {
						CreatedOnToolsVersion = 15.4;
						TestTargetID = 7D5D6A352CAAA53F00F79102;
					};
				};
			};
			buildConfigurationList = 7D5D6A312CAAA53F00F79102 /* Build configuration list for PBXProject "SwiftMapApp" */;
			compatibilityVersion = "Xcode 14.0";
			developmentRegion = en;
			hasScannedForEncodings = 0;
			knownRegions = (
				en,
				Base,
			);
			mainGroup = 7D5D6A2D2CAAA53F00F79102;
			productRefGroup = 7D5D6A372CAAA53F00F79102 /* Products */;
			projectDirPath = "";
			projectRoot = "";
			targets = (
				7D5D6A352CAAA53F00F79102 /* SwiftMapApp */,
				7D5D6A452CAAA54000F79102 /* SwiftMapAppTests */,
				7D5D6A4F2CAAA54000F79102 /* SwiftMapAppUITests */,
			);
		};
/* End PBXProject section */

/* Begin PBXResourcesBuildPhase section */
		7D5D6A342CAAA53F00F79102 /* Resources */ = {
			isa = PBXResourcesBuildPhase;
			buildActionMask = 2147483647;
			files = (
				7D5D6A412CAAA54000F79102 /* Preview Assets.xcassets in Resources */,
				5228E5512CAB172C0042C95B /* Assets.xcassets in Resources */,
			);
			runOnlyForDeploymentPostprocessing = 0;
		};
		7D5D6A442CAAA54000F79102 /* Resources */ = {
			isa = PBXResourcesBuildPhase;
			buildActionMask = 2147483647;
			files = (
			);
			runOnlyForDeploymentPostprocessing = 0;
		};
		7D5D6A4E2CAAA54000F79102 /* Resources */ = {
			isa = PBXResourcesBuildPhase;
			buildActionMask = 2147483647;
			files = (
			);
			runOnlyForDeploymentPostprocessing = 0;
		};
/* End PBXResourcesBuildPhase section */

/* Begin PBXSourcesBuildPhase section */
		7D5D6A322CAAA53F00F79102 /* Sources */ = {
			isa = PBXSourcesBuildPhase;
			buildActionMask = 2147483647;
			files = (
				7D5D6A6E2CAAAA6C00F79102 /* LocationsDataService.swift in Sources */,
				7D5D6A722CAAB6BE00F79102 /* LocationViewModel.swift in Sources */,
				7D5D6A3C2CAAA53F00F79102 /* ContentView.swift in Sources */,
				7D5D6A702CAAACDD00F79102 /* LocationsView.swift in Sources */,
				5208D0612CB2CB84008DEE48 /* LocationListView.swift in Sources */,
				7D5D6A6B2CAAA91400F79102 /* Location.swift in Sources */,
				7D5D6A3A2CAAA53F00F79102 /* SwiftMapAppApp.swift in Sources */,
			);
			runOnlyForDeploymentPostprocessing = 0;
		};
		7D5D6A422CAAA54000F79102 /* Sources */ = {
			isa = PBXSourcesBuildPhase;
			buildActionMask = 2147483647;
			files = (
				7D5D6A4B2CAAA54000F79102 /* SwiftMapAppTests.swift in Sources */,
			);
			runOnlyForDeploymentPostprocessing = 0;
		};
		7D5D6A4C2CAAA54000F79102 /* Sources */ = {
			isa = PBXSourcesBuildPhase;
			buildActionMask = 2147483647;
			files = (
				7D5D6A552CAAA54000F79102 /* SwiftMapAppUITests.swift in Sources */,
				7D5D6A572CAAA54000F79102 /* SwiftMapAppUITestsLaunchTests.swift in Sources */,
			);
			runOnlyForDeploymentPostprocessing = 0;
		};
/* End PBXSourcesBuildPhase section */

/* Begin PBXTargetDependency section */
		7D5D6A482CAAA54000F79102 /* PBXTargetDependency */ = {
			isa = PBXTargetDependency;
			target = 7D5D6A352CAAA53F00F79102 /* SwiftMapApp */;
			targetProxy = 7D5D6A472CAAA54000F79102 /* PBXContainerItemProxy */;
		};
		7D5D6A522CAAA54000F79102 /* PBXTargetDependency */ = {
			isa = PBXTargetDependency;
			target = 7D5D6A352CAAA53F00F79102 /* SwiftMapApp */;
			targetProxy = 7D5D6A512CAAA54000F79102 /* PBXContainerItemProxy */;
		};
/* End PBXTargetDependency section */

/* Begin XCBuildConfiguration section */
		7D5D6A582CAAA54000F79102 /* Debug */ = {
			isa = XCBuildConfiguration;
			buildSettings = {
				ALWAYS_SEARCH_USER_PATHS = NO;
				ASSETCATALOG_COMPILER_GENERATE_SWIFT_ASSET_SYMBOL_EXTENSIONS = YES;
				CLANG_ANALYZER_NONNULL = YES;
				CLANG_ANALYZER_NUMBER_OBJECT_CONVERSION = YES_AGGRESSIVE;
				CLANG_CXX_LANGUAGE_STANDARD = "gnu++20";
				CLANG_ENABLE_MODULES = YES;
				CLANG_ENABLE_OBJC_ARC = YES;
				CLANG_ENABLE_OBJC_WEAK = YES;
				CLANG_WARN_BLOCK_CAPTURE_AUTORELEASING = YES;
				CLANG_WARN_BOOL_CONVERSION = YES;
				CLANG_WARN_COMMA = YES;
				CLANG_WARN_CONSTANT_CONVERSION = YES;
				CLANG_WARN_DEPRECATED_OBJC_IMPLEMENTATIONS = YES;
				CLANG_WARN_DIRECT_OBJC_ISA_USAGE = YES_ERROR;
				CLANG_WARN_DOCUMENTATION_COMMENTS = YES;
				CLANG_WARN_EMPTY_BODY = YES;
				CLANG_WARN_ENUM_CONVERSION = YES;
				CLANG_WARN_INFINITE_RECURSION = YES;
				CLANG_WARN_INT_CONVERSION = YES;
				CLANG_WARN_NON_LITERAL_NULL_CONVERSION = YES;
				CLANG_WARN_OBJC_IMPLICIT_RETAIN_SELF = YES;
				CLANG_WARN_OBJC_LITERAL_CONVERSION = YES;
				CLANG_WARN_OBJC_ROOT_CLASS = YES_ERROR;
				CLANG_WARN_QUOTED_INCLUDE_IN_FRAMEWORK_HEADER = YES;
				CLANG_WARN_RANGE_LOOP_ANALYSIS = YES;
				CLANG_WARN_STRICT_PROTOTYPES = YES;
				CLANG_WARN_SUSPICIOUS_MOVE = YES;
				CLANG_WARN_UNGUARDED_AVAILABILITY = YES_AGGRESSIVE;
				CLANG_WARN_UNREACHABLE_CODE = YES;
				CLANG_WARN__DUPLICATE_METHOD_MATCH = YES;
				COPY_PHASE_STRIP = NO;
				DEBUG_INFORMATION_FORMAT = dwarf;
				ENABLE_STRICT_OBJC_MSGSEND = YES;
				ENABLE_TESTABILITY = YES;
				ENABLE_USER_SCRIPT_SANDBOXING = YES;
				GCC_C_LANGUAGE_STANDARD = gnu17;
				GCC_DYNAMIC_NO_PIC = NO;
				GCC_NO_COMMON_BLOCKS = YES;
				GCC_OPTIMIZATION_LEVEL = 0;
				GCC_PREPROCESSOR_DEFINITIONS = (
					"DEBUG=1",
					"$(inherited)",
				);
				GCC_WARN_64_TO_32_BIT_CONVERSION = YES;
				GCC_WARN_ABOUT_RETURN_TYPE = YES_ERROR;
				GCC_WARN_UNDECLARED_SELECTOR = YES;
				GCC_WARN_UNINITIALIZED_AUTOS = YES_AGGRESSIVE;
				GCC_WARN_UNUSED_FUNCTION = YES;
				GCC_WARN_UNUSED_VARIABLE = YES;
				IPHONEOS_DEPLOYMENT_TARGET = 17.5;
				LOCALIZATION_PREFERS_STRING_CATALOGS = YES;
				MTL_ENABLE_DEBUG_INFO = INCLUDE_SOURCE;
				MTL_FAST_MATH = YES;
				ONLY_ACTIVE_ARCH = YES;
				SDKROOT = iphoneos;
				SWIFT_ACTIVE_COMPILATION_CONDITIONS = "DEBUG $(inherited)";
				SWIFT_OPTIMIZATION_LEVEL = "-Onone";
			};
			name = Debug;
		};
		7D5D6A592CAAA54000F79102 /* Release */ = {
			isa = XCBuildConfiguration;
			buildSettings = {
				ALWAYS_SEARCH_USER_PATHS = NO;
				ASSETCATALOG_COMPILER_GENERATE_SWIFT_ASSET_SYMBOL_EXTENSIONS = YES;
				CLANG_ANALYZER_NONNULL = YES;
				CLANG_ANALYZER_NUMBER_OBJECT_CONVERSION = YES_AGGRESSIVE;
				CLANG_CXX_LANGUAGE_STANDARD = "gnu++20";
				CLANG_ENABLE_MODULES = YES;
				CLANG_ENABLE_OBJC_ARC = YES;
				CLANG_ENABLE_OBJC_WEAK = YES;
				CLANG_WARN_BLOCK_CAPTURE_AUTORELEASING = YES;
				CLANG_WARN_BOOL_CONVERSION = YES;
				CLANG_WARN_COMMA = YES;
				CLANG_WARN_CONSTANT_CONVERSION = YES;
				CLANG_WARN_DEPRECATED_OBJC_IMPLEMENTATIONS = YES;
				CLANG_WARN_DIRECT_OBJC_ISA_USAGE = YES_ERROR;
				CLANG_WARN_DOCUMENTATION_COMMENTS = YES;
				CLANG_WARN_EMPTY_BODY = YES;
				CLANG_WARN_ENUM_CONVERSION = YES;
				CLANG_WARN_INFINITE_RECURSION = YES;
				CLANG_WARN_INT_CONVERSION = YES;
				CLANG_WARN_NON_LITERAL_NULL_CONVERSION = YES;
				CLANG_WARN_OBJC_IMPLICIT_RETAIN_SELF = YES;
				CLANG_WARN_OBJC_LITERAL_CONVERSION = YES;
				CLANG_WARN_OBJC_ROOT_CLASS = YES_ERROR;
				CLANG_WARN_QUOTED_INCLUDE_IN_FRAMEWORK_HEADER = YES;
				CLANG_WARN_RANGE_LOOP_ANALYSIS = YES;
				CLANG_WARN_STRICT_PROTOTYPES = YES;
				CLANG_WARN_SUSPICIOUS_MOVE = YES;
				CLANG_WARN_UNGUARDED_AVAILABILITY = YES_AGGRESSIVE;
				CLANG_WARN_UNREACHABLE_CODE = YES;
				CLANG_WARN__DUPLICATE_METHOD_MATCH = YES;
				COPY_PHASE_STRIP = NO;
				DEBUG_INFORMATION_FORMAT = "dwarf-with-dsym";
				ENABLE_NS_ASSERTIONS = NO;
				ENABLE_STRICT_OBJC_MSGSEND = YES;
				ENABLE_USER_SCRIPT_SANDBOXING = YES;
				GCC_C_LANGUAGE_STANDARD = gnu17;
				GCC_NO_COMMON_BLOCKS = YES;
				GCC_WARN_64_TO_32_BIT_CONVERSION = YES;
				GCC_WARN_ABOUT_RETURN_TYPE = YES_ERROR;
				GCC_WARN_UNDECLARED_SELECTOR = YES;
				GCC_WARN_UNINITIALIZED_AUTOS = YES_AGGRESSIVE;
				GCC_WARN_UNUSED_FUNCTION = YES;
				GCC_WARN_UNUSED_VARIABLE = YES;
				IPHONEOS_DEPLOYMENT_TARGET = 17.5;
				LOCALIZATION_PREFERS_STRING_CATALOGS = YES;
				MTL_ENABLE_DEBUG_INFO = NO;
				MTL_FAST_MATH = YES;
				SDKROOT = iphoneos;
				SWIFT_COMPILATION_MODE = wholemodule;
				VALIDATE_PRODUCT = YES;
			};
			name = Release;
		};
		7D5D6A5B2CAAA54000F79102 /* Debug */ = {
			isa = XCBuildConfiguration;
			buildSettings = {
				ASSETCATALOG_COMPILER_APPICON_NAME = AppIcon;
				ASSETCATALOG_COMPILER_GLOBAL_ACCENT_COLOR_NAME = AccentColor;
				CODE_SIGN_STYLE = Automatic;
				CURRENT_PROJECT_VERSION = 1;
				DEVELOPMENT_ASSET_PATHS = "\"SwiftMapApp/Preview Content\"";
				ENABLE_PREVIEWS = YES;
				GENERATE_INFOPLIST_FILE = YES;
				INFOPLIST_KEY_UIApplicationSceneManifest_Generation = YES;
				INFOPLIST_KEY_UIApplicationSupportsIndirectInputEvents = YES;
				INFOPLIST_KEY_UILaunchScreen_Generation = YES;
				INFOPLIST_KEY_UISupportedInterfaceOrientations_iPad = "UIInterfaceOrientationPortrait UIInterfaceOrientationPortraitUpsideDown UIInterfaceOrientationLandscapeLeft UIInterfaceOrientationLandscapeRight";
				INFOPLIST_KEY_UISupportedInterfaceOrientations_iPhone = "UIInterfaceOrientationPortrait UIInterfaceOrientationLandscapeLeft UIInterfaceOrientationLandscapeRight";
				IPHONEOS_DEPLOYMENT_TARGET = 16.0;
				LD_RUNPATH_SEARCH_PATHS = (
					"$(inherited)",
					"@executable_path/Frameworks",
				);
				MARKETING_VERSION = 1.0;
				PRODUCT_BUNDLE_IDENTIFIER = com.loadingbar.SwiftMapApp;
				PRODUCT_NAME = "$(TARGET_NAME)";
				SWIFT_EMIT_LOC_STRINGS = YES;
				SWIFT_VERSION = 5.0;
				TARGETED_DEVICE_FAMILY = "1,2";
			};
			name = Debug;
		};
		7D5D6A5C2CAAA54000F79102 /* Release */ = {
			isa = XCBuildConfiguration;
			buildSettings = {
				ASSETCATALOG_COMPILER_APPICON_NAME = AppIcon;
				ASSETCATALOG_COMPILER_GLOBAL_ACCENT_COLOR_NAME = AccentColor;
				CODE_SIGN_STYLE = Automatic;
				CURRENT_PROJECT_VERSION = 1;
				DEVELOPMENT_ASSET_PATHS = "\"SwiftMapApp/Preview Content\"";
				ENABLE_PREVIEWS = YES;
				GENERATE_INFOPLIST_FILE = YES;
				INFOPLIST_KEY_UIApplicationSceneManifest_Generation = YES;
				INFOPLIST_KEY_UIApplicationSupportsIndirectInputEvents = YES;
				INFOPLIST_KEY_UILaunchScreen_Generation = YES;
				INFOPLIST_KEY_UISupportedInterfaceOrientations_iPad = "UIInterfaceOrientationPortrait UIInterfaceOrientationPortraitUpsideDown UIInterfaceOrientationLandscapeLeft UIInterfaceOrientationLandscapeRight";
				INFOPLIST_KEY_UISupportedInterfaceOrientations_iPhone = "UIInterfaceOrientationPortrait UIInterfaceOrientationLandscapeLeft UIInterfaceOrientationLandscapeRight";
				IPHONEOS_DEPLOYMENT_TARGET = 16.0;
				LD_RUNPATH_SEARCH_PATHS = (
					"$(inherited)",
					"@executable_path/Frameworks",
				);
				MARKETING_VERSION = 1.0;
				PRODUCT_BUNDLE_IDENTIFIER = com.loadingbar.SwiftMapApp;
				PRODUCT_NAME = "$(TARGET_NAME)";
				SWIFT_EMIT_LOC_STRINGS = YES;
				SWIFT_VERSION = 5.0;
				TARGETED_DEVICE_FAMILY = "1,2";
			};
			name = Release;
		};
		7D5D6A5E2CAAA54000F79102 /* Debug */ = {
			isa = XCBuildConfiguration;
			buildSettings = {
				ALWAYS_EMBED_SWIFT_STANDARD_LIBRARIES = YES;
				BUNDLE_LOADER = "$(TEST_HOST)";
				CODE_SIGN_STYLE = Automatic;
				CURRENT_PROJECT_VERSION = 1;
				GENERATE_INFOPLIST_FILE = YES;
				IPHONEOS_DEPLOYMENT_TARGET = 17.5;
				MARKETING_VERSION = 1.0;
				PRODUCT_BUNDLE_IDENTIFIER = com.loadingbar.SwiftMapAppTests;
				PRODUCT_NAME = "$(TARGET_NAME)";
				SWIFT_EMIT_LOC_STRINGS = NO;
				SWIFT_VERSION = 5.0;
				TARGETED_DEVICE_FAMILY = "1,2";
				TEST_HOST = "$(BUILT_PRODUCTS_DIR)/SwiftMapApp.app/$(BUNDLE_EXECUTABLE_FOLDER_PATH)/SwiftMapApp";
			};
			name = Debug;
		};
		7D5D6A5F2CAAA54000F79102 /* Release */ = {
			isa = XCBuildConfiguration;
			buildSettings = {
				ALWAYS_EMBED_SWIFT_STANDARD_LIBRARIES = YES;
				BUNDLE_LOADER = "$(TEST_HOST)";
				CODE_SIGN_STYLE = Automatic;
				CURRENT_PROJECT_VERSION = 1;
				GENERATE_INFOPLIST_FILE = YES;
				IPHONEOS_DEPLOYMENT_TARGET = 17.5;
				MARKETING_VERSION = 1.0;
				PRODUCT_BUNDLE_IDENTIFIER = com.loadingbar.SwiftMapAppTests;
				PRODUCT_NAME = "$(TARGET_NAME)";
				SWIFT_EMIT_LOC_STRINGS = NO;
				SWIFT_VERSION = 5.0;
				TARGETED_DEVICE_FAMILY = "1,2";
				TEST_HOST = "$(BUILT_PRODUCTS_DIR)/SwiftMapApp.app/$(BUNDLE_EXECUTABLE_FOLDER_PATH)/SwiftMapApp";
			};
			name = Release;
		};
		7D5D6A612CAAA54000F79102 /* Debug */ = {
			isa = XCBuildConfiguration;
			buildSettings = {
				ALWAYS_EMBED_SWIFT_STANDARD_LIBRARIES = YES;
				CODE_SIGN_STYLE = Automatic;
				CURRENT_PROJECT_VERSION = 1;
				GENERATE_INFOPLIST_FILE = YES;
				MARKETING_VERSION = 1.0;
				PRODUCT_BUNDLE_IDENTIFIER = com.loadingbar.SwiftMapAppUITests;
				PRODUCT_NAME = "$(TARGET_NAME)";
				SWIFT_EMIT_LOC_STRINGS = NO;
				SWIFT_VERSION = 5.0;
				TARGETED_DEVICE_FAMILY = "1,2";
				TEST_TARGET_NAME = SwiftMapApp;
			};
			name = Debug;
		};
		7D5D6A622CAAA54000F79102 /* Release */ = {
			isa = XCBuildConfiguration;
			buildSettings = {
				ALWAYS_EMBED_SWIFT_STANDARD_LIBRARIES = YES;
				CODE_SIGN_STYLE = Automatic;
				CURRENT_PROJECT_VERSION = 1;
				GENERATE_INFOPLIST_FILE = YES;
				MARKETING_VERSION = 1.0;
				PRODUCT_BUNDLE_IDENTIFIER = com.loadingbar.SwiftMapAppUITests;
				PRODUCT_NAME = "$(TARGET_NAME)";
				SWIFT_EMIT_LOC_STRINGS = NO;
				SWIFT_VERSION = 5.0;
				TARGETED_DEVICE_FAMILY = "1,2";
				TEST_TARGET_NAME = SwiftMapApp;
			};
			name = Release;
		};
/* End XCBuildConfiguration section */

/* Begin XCConfigurationList section */
		7D5D6A312CAAA53F00F79102 /* Build configuration list for PBXProject "SwiftMapApp" */ = {
			isa = XCConfigurationList;
			buildConfigurations = (
				7D5D6A582CAAA54000F79102 /* Debug */,
				7D5D6A592CAAA54000F79102 /* Release */,
			);
			defaultConfigurationIsVisible = 0;
			defaultConfigurationName = Release;
		};
		7D5D6A5A2CAAA54000F79102 /* Build configuration list for PBXNativeTarget "SwiftMapApp" */ = {
			isa = XCConfigurationList;
			buildConfigurations = (
				7D5D6A5B2CAAA54000F79102 /* Debug */,
				7D5D6A5C2CAAA54000F79102 /* Release */,
			);
			defaultConfigurationIsVisible = 0;
			defaultConfigurationName = Release;
		};
		7D5D6A5D2CAAA54000F79102 /* Build configuration list for PBXNativeTarget "SwiftMapAppTests" */ = {
			isa = XCConfigurationList;
			buildConfigurations = (
				7D5D6A5E2CAAA54000F79102 /* Debug */,
				7D5D6A5F2CAAA54000F79102 /* Release */,
			);
			defaultConfigurationIsVisible = 0;
			defaultConfigurationName = Release;
		};
		7D5D6A602CAAA54000F79102 /* Build configuration list for PBXNativeTarget "SwiftMapAppUITests" */ = {
			isa = XCConfigurationList;
			buildConfigurations = (
				7D5D6A612CAAA54000F79102 /* Debug */,
				7D5D6A622CAAA54000F79102 /* Release */,
			);
			defaultConfigurationIsVisible = 0;
			defaultConfigurationName = Release;
		};
/* End XCConfigurationList section */
	};
	rootObject = 7D5D6A2E2CAAA53F00F79102 /* Project object */;
}
